
Microsoft Visual Studio Solution File, Format Version 12.00
# Visual Studio Version 16
VisualStudioVersion = 16.0.31321.278
MinimumVisualStudioVersion = 10.0.40219.1
Project("{FAE04EC0-301F-11D3-BF4B-00C04F79EFBC}") = "ManagerLibrary", "ManagerLibrary.csproj", "{ECE3F73A-EB31-4B06-954A-02D99D5B6B44}"
EndProject
Project("{FAE04EC0-301F-11D3-BF4B-00C04F79EFBC}") = "ManagerUI", "..\ManagerUI\ManagerUI.csproj", "{F885766D-B6FF-410A-ADC5-A049C9DBE7B1}"
EndProject
Global
	GlobalSection(SolutionConfigurationPlatforms) = preSolution
		Debug|Any CPU = Debug|Any CPU
		Release|Any CPU = Release|Any CPU
	EndGlobalSection
	GlobalSection(ProjectConfigurationPlatforms) = postSolution
		{ECE3F73A-EB31-4B06-954A-02D99D5B6B44}.Debug|Any CPU.ActiveCfg = Debug|Any CPU
		{ECE3F73A-EB31-4B06-954A-02D99D5B6B44}.Debug|Any CPU.Build.0 = Debug|Any CPU
		{ECE3F73A-EB31-4B06-954A-02D99D5B6B44}.Release|Any CPU.ActiveCfg = Release|Any CPU
		{ECE3F73A-EB31-4B06-954A-02D99D5B6B44}.Release|Any CPU.Build.0 = Release|Any CPU
		{F885766D-B6FF-410A-ADC5-A049C9DBE7B1}.Debug|Any CPU.ActiveCfg = Debug|Any CPU
		{F885766D-B6FF-410A-ADC5-A049C9DBE7B1}.Debug|Any CPU.Build.0 = Debug|Any CPU
		{F885766D-B6FF-410A-ADC5-A049C9DBE7B1}.Release|Any CPU.ActiveCfg = Release|Any CPU
		{F885766D-B6FF-410A-ADC5-A049C9DBE7B1}.Release|Any CPU.Build.0 = Release|Any CPU
	EndGlobalSection
	GlobalSection(SolutionProperties) = preSolution
		HideSolutionNode = FALSE
	EndGlobalSection
	GlobalSection(ExtensibilityGlobals) = postSolution
		SolutionGuid = {B137C540-80B7-4DF6-9675-6AF09528D6FA}
	EndGlobalSection
EndGlobal
